
Microsoft Visual Studio Solution File, Format Version 12.00
# Visual Studio Version 17
VisualStudioVersion = 17.4.33213.308
MinimumVisualStudioVersion = 10.0.40219.1
Project("{FAE04EC0-301F-11D3-BF4B-00C04F79EFBC}") = "poopart2", "poopart2\poopart2.csproj", "{52BE36CA-1F0C-4715-A234-3BC9C7D6C33C}"
EndProject
Global
	GlobalSection(SolutionConfigurationPlatforms) = preSolution
		Debug|Any CPU = Debug|Any CPU
		Release|Any CPU = Release|Any CPU
	EndGlobalSection
	GlobalSection(ProjectConfigurationPlatforms) = postSolution
		{52BE36CA-1F0C-4715-A234-3BC9C7D6C33C}.Debug|Any CPU.ActiveCfg = Debug|Any CPU
		{52BE36CA-1F0C-4715-A234-3BC9C7D6C33C}.Debug|Any CPU.Build.0 = Debug|Any CPU
		{52BE36CA-1F0C-4715-A234-3BC9C7D6C33C}.Release|Any CPU.ActiveCfg = Release|Any CPU
		{52BE36CA-1F0C-4715-A234-3BC9C7D6C33C}.Release|Any CPU.Build.0 = Release|Any CPU
	EndGlobalSection
	GlobalSection(SolutionProperties) = preSolution
		HideSolutionNode = FALSE
	EndGlobalSection
	GlobalSection(ExtensibilityGlobals) = postSolution
		SolutionGuid = {EFCC3BE6-69FF-4992-AE37-B0443685E367}
	EndGlobalSection
EndGlobal
